
Microsoft Visual Studio Solution File, Format Version 12.00
# Visual Studio Version 17
VisualStudioVersion = 17.1.32210.238
MinimumVisualStudioVersion = 10.0.40219.1
Project("{FAE04EC0-301F-11D3-BF4B-00C04F79EFBC}") = "5. Lab Vezba (minesweeper)", "5. Lab Vezba (minesweeper)\5. Lab Vezba (minesweeper).csproj", "{C6EC65A0-6DDA-429C-A403-29157EC14FEC}"
EndProject
Project("{FAE04EC0-301F-11D3-BF4B-00C04F79EFBC}") = "Podaci", "Podaci\Podaci.csproj", "{7ACB3618-2912-45DC-8474-F57979CFB981}"
EndProject
Global
	GlobalSection(SolutionConfigurationPlatforms) = preSolution
		Debug|Any CPU = Debug|Any CPU
		Release|Any CPU = Release|Any CPU
	EndGlobalSection
	GlobalSection(ProjectConfigurationPlatforms) = postSolution
		{C6EC65A0-6DDA-429C-A403-29157EC14FEC}.Debug|Any CPU.ActiveCfg = Debug|Any CPU
		{C6EC65A0-6DDA-429C-A403-29157EC14FEC}.Debug|Any CPU.Build.0 = Debug|Any CPU
		{C6EC65A0-6DDA-429C-A403-29157EC14FEC}.Release|Any CPU.ActiveCfg = Release|Any CPU
		{C6EC65A0-6DDA-429C-A403-29157EC14FEC}.Release|Any CPU.Build.0 = Release|Any CPU
		{7ACB3618-2912-45DC-8474-F57979CFB981}.Debug|Any CPU.ActiveCfg = Debug|Any CPU
		{7ACB3618-2912-45DC-8474-F57979CFB981}.Debug|Any CPU.Build.0 = Debug|Any CPU
		{7ACB3618-2912-45DC-8474-F57979CFB981}.Release|Any CPU.ActiveCfg = Release|Any CPU
		{7ACB3618-2912-45DC-8474-F57979CFB981}.Release|Any CPU.Build.0 = Release|Any CPU
	EndGlobalSection
	GlobalSection(SolutionProperties) = preSolution
		HideSolutionNode = FALSE
	EndGlobalSection
	GlobalSection(ExtensibilityGlobals) = postSolution
		SolutionGuid = {3F0FFEF1-53C6-4083-BB43-1A56FB104C34}
	EndGlobalSection
EndGlobal
